
Microsoft Visual Studio Solution File, Format Version 12.00
# Visual Studio 2013
VisualStudioVersion = 12.0.31101.0
MinimumVisualStudioVersion = 10.0.40219.1
Project("{8BC9CEB8-8B4A-11D0-8D11-00A0C91BC942}") = "SexRecognizer.Biometrics", "SexRecognizer.Biometrics\SexRecognizer.Biometrics.vcxproj", "{0D826351-CA8B-4353-878A-D6CC0DD59E21}"
EndProject
Project("{8BC9CEB8-8B4A-11D0-8D11-00A0C91BC942}") = "SexRecognizer.Common", "SexRecognizer.Common\SexRecognizer.Common.vcxproj", "{EE9068E3-675F-4637-BA72-7389B590A724}"
EndProject
Project("{8BC9CEB8-8B4A-11D0-8D11-00A0C91BC942}") = "SexRecognizer.Detector", "SexRecognizer.Detector\SexRecognizer.Detector.vcxproj", "{10F1F5B2-47F3-43DC-A1FB-A0918C7AAAD4}"
EndProject
Global
	GlobalSection(SolutionConfigurationPlatforms) = preSolution
		Debug|Mixed Platforms = Debug|Mixed Platforms
		Debug|Win32 = Debug|Win32
		Debug|x64 = Debug|x64
		Release|Mixed Platforms = Release|Mixed Platforms
		Release|Win32 = Release|Win32
		Release|x64 = Release|x64
	EndGlobalSection
	GlobalSection(ProjectConfigurationPlatforms) = postSolution
		{0D826351-CA8B-4353-878A-D6CC0DD59E21}.Debug|Mixed Platforms.ActiveCfg = Debug|x64
		{0D826351-CA8B-4353-878A-D6CC0DD59E21}.Debug|Mixed Platforms.Build.0 = Debug|x64
		{0D826351-CA8B-4353-878A-D6CC0DD59E21}.Debug|Win32.ActiveCfg = Debug|Win32
		{0D826351-CA8B-4353-878A-D6CC0DD59E21}.Debug|Win32.Build.0 = Debug|Win32
		{0D826351-CA8B-4353-878A-D6CC0DD59E21}.Debug|x64.ActiveCfg = Debug|x64
		{0D826351-CA8B-4353-878A-D6CC0DD59E21}.Debug|x64.Build.0 = Debug|x64
		{0D826351-CA8B-4353-878A-D6CC0DD59E21}.Release|Mixed Platforms.ActiveCfg = Release|Win32
		{0D826351-CA8B-4353-878A-D6CC0DD59E21}.Release|Mixed Platforms.Build.0 = Release|Win32
		{0D826351-CA8B-4353-878A-D6CC0DD59E21}.Release|Win32.ActiveCfg = Release|Win32
		{0D826351-CA8B-4353-878A-D6CC0DD59E21}.Release|Win32.Build.0 = Release|Win32
		{0D826351-CA8B-4353-878A-D6CC0DD59E21}.Release|x64.ActiveCfg = Release|x64
		{0D826351-CA8B-4353-878A-D6CC0DD59E21}.Release|x64.Build.0 = Release|x64
		{EE9068E3-675F-4637-BA72-7389B590A724}.Debug|Mixed Platforms.ActiveCfg = Debug|x64
		{EE9068E3-675F-4637-BA72-7389B590A724}.Debug|Win32.ActiveCfg = Debug|Win32
		{EE9068E3-675F-4637-BA72-7389B590A724}.Debug|Win32.Build.0 = Debug|Win32
		{EE9068E3-675F-4637-BA72-7389B590A724}.Debug|x64.ActiveCfg = Debug|x64
		{EE9068E3-675F-4637-BA72-7389B590A724}.Release|Mixed Platforms.ActiveCfg = Release|Win32
		{EE9068E3-675F-4637-BA72-7389B590A724}.Release|Mixed Platforms.Build.0 = Release|Win32
		{EE9068E3-675F-4637-BA72-7389B590A724}.Release|Win32.ActiveCfg = Release|Win32
		{EE9068E3-675F-4637-BA72-7389B590A724}.Release|Win32.Build.0 = Release|Win32
		{EE9068E3-675F-4637-BA72-7389B590A724}.Release|x64.ActiveCfg = Release|Win32
		{10F1F5B2-47F3-43DC-A1FB-A0918C7AAAD4}.Debug|Mixed Platforms.ActiveCfg = Debug|x64
		{10F1F5B2-47F3-43DC-A1FB-A0918C7AAAD4}.Debug|Mixed Platforms.Build.0 = Debug|x64
		{10F1F5B2-47F3-43DC-A1FB-A0918C7AAAD4}.Debug|Win32.ActiveCfg = Debug|Win32
		{10F1F5B2-47F3-43DC-A1FB-A0918C7AAAD4}.Debug|Win32.Build.0 = Debug|Win32
		{10F1F5B2-47F3-43DC-A1FB-A0918C7AAAD4}.Debug|x64.ActiveCfg = Debug|x64
		{10F1F5B2-47F3-43DC-A1FB-A0918C7AAAD4}.Debug|x64.Build.0 = Debug|x64
		{10F1F5B2-47F3-43DC-A1FB-A0918C7AAAD4}.Release|Mixed Platforms.ActiveCfg = Release|Win32
		{10F1F5B2-47F3-43DC-A1FB-A0918C7AAAD4}.Release|Mixed Platforms.Build.0 = Release|Win32
		{10F1F5B2-47F3-43DC-A1FB-A0918C7AAAD4}.Release|Win32.ActiveCfg = Release|Win32
		{10F1F5B2-47F3-43DC-A1FB-A0918C7AAAD4}.Release|Win32.Build.0 = Release|Win32
		{10F1F5B2-47F3-43DC-A1FB-A0918C7AAAD4}.Release|x64.ActiveCfg = Release|x64
		{10F1F5B2-47F3-43DC-A1FB-A0918C7AAAD4}.Release|x64.Build.0 = Release|x64
	EndGlobalSection
	GlobalSection(SolutionProperties) = preSolution
		HideSolutionNode = FALSE
	EndGlobalSection
EndGlobal
